
Microsoft Visual Studio Solution File, Format Version 12.00
# Visual Studio Version 17
VisualStudioVersion = 17.12.35707.178
MinimumVisualStudioVersion = 10.0.40219.1
Project("{E53339B2-1760-4266-BCC7-CA923CBCF16C}") = "docker-compose", "docker-compose.dcproj", "{9B27F9B3-FB31-4C5E-A9E6-4326ECFB1C06}"
EndProject
Project("{2150E333-8FDC-42A3-9474-1A3956D46DE8}") = "Solution Items", "Solution Items", "{0D07A93E-FFF6-45EC-B35A-11E7055CB0B5}"
	ProjectSection(SolutionItems) = preProject
		.editorconfig = .editorconfig
		.env.example = .env.example
		.gitignore = .gitignore
		Directory.Build.props = Directory.Build.props
		README.md = README.md
	EndProjectSection
EndProject
Project("{2150E333-8FDC-42A3-9474-1A3956D46DE8}") = "src", "src", "{FFE04C06-A713-4E3A-9416-0E525A1F3170}"
EndProject
Project("{2150E333-8FDC-42A3-9474-1A3956D46DE8}") = "API", "API", "{F4B77EB4-B081-43C3-9E7C-C42F0D8143A1}"
EndProject
Project("{FAE04EC0-301F-11D3-BF4B-00C04F79EFBC}") = "GroceryProducts.Api", "src\API\GroceryProducts.Api\GroceryProducts.Api.csproj", "{076BA7B7-0F9F-4DE5-B391-16AF570094B8}"
EndProject
Global
	GlobalSection(SolutionConfigurationPlatforms) = preSolution
		Debug|Any CPU = Debug|Any CPU
		Release|Any CPU = Release|Any CPU
	EndGlobalSection
	GlobalSection(ProjectConfigurationPlatforms) = postSolution
		{9B27F9B3-FB31-4C5E-A9E6-4326ECFB1C06}.Debug|Any CPU.ActiveCfg = Debug|Any CPU
		{9B27F9B3-FB31-4C5E-A9E6-4326ECFB1C06}.Debug|Any CPU.Build.0 = Debug|Any CPU
		{9B27F9B3-FB31-4C5E-A9E6-4326ECFB1C06}.Release|Any CPU.ActiveCfg = Release|Any CPU
		{9B27F9B3-FB31-4C5E-A9E6-4326ECFB1C06}.Release|Any CPU.Build.0 = Release|Any CPU
		{076BA7B7-0F9F-4DE5-B391-16AF570094B8}.Debug|Any CPU.ActiveCfg = Debug|Any CPU
		{076BA7B7-0F9F-4DE5-B391-16AF570094B8}.Debug|Any CPU.Build.0 = Debug|Any CPU
		{076BA7B7-0F9F-4DE5-B391-16AF570094B8}.Release|Any CPU.ActiveCfg = Release|Any CPU
		{076BA7B7-0F9F-4DE5-B391-16AF570094B8}.Release|Any CPU.Build.0 = Release|Any CPU
	EndGlobalSection
	GlobalSection(SolutionProperties) = preSolution
		HideSolutionNode = FALSE
	EndGlobalSection
	GlobalSection(NestedProjects) = preSolution
		{F4B77EB4-B081-43C3-9E7C-C42F0D8143A1} = {FFE04C06-A713-4E3A-9416-0E525A1F3170}
		{076BA7B7-0F9F-4DE5-B391-16AF570094B8} = {F4B77EB4-B081-43C3-9E7C-C42F0D8143A1}
	EndGlobalSection
EndGlobal
